# THIS IS AN AUTOGENERATED FILE. DO NOT EDIT THIS FILE DIRECTLY.
# yarn lockfile v1


"@angular/animations@^7.2.2":
  version "7.2.2"
  resolved "https://registry.yarnpkg.com/@angular/animations/-/animations-7.2.2.tgz#a81e4fa60de2e33ec462b43af122a66926df72fb"
  integrity sha512-St03YR3N4Rv0vLr0+3V0kmf/QNi9q0tOenAlHP+jG/YySPkkv8P3xRcGVU38ID4JQzRiShUD+k2r+oZGCQMNjw==
  dependencies:
    tslib "^1.9.0"

"@angular/cdk@^7.2.2":
  version "7.2.2"
  resolved "https://registry.yarnpkg.com/@angular/cdk/-/cdk-7.2.2.tgz#f80bb3e54fe7db2c6957570d2ae1b7a24c4b1f13"
  integrity sha512-DG4Ip9COZuQngG31gNFrJRtVPYC8H938dCHuqVjHrLEKfdsKzvprI/y0W+tr/sUnIbIJWEPSvnzmS3XYOgmFyg==
  dependencies:
    tslib "^1.7.1"
  optionalDependencies:
    parse5 "^5.0.0"

"@angular/material@^7.2.2":
  version "7.2.2"
  resolved "https://registry.yarnpkg.com/@angular/material/-/material-7.2.2.tgz#1b426b64f2549d5dca8439b4649ea70fb9e980fd"
  integrity sha512-HTtDhK5XkDvP6GPg4WTTa0HbeeagTfVRooTfw0TA+IuTAMBhXt5h1yzuGpFyMap8/PUVZN1D04g2CLhBSzoDxg==
  dependencies:
    tslib "^1.7.1"

"@ngrx/effects@^7.1.0":
  version "7.1.0"
  resolved "https://registry.yarnpkg.com/@ngrx/effects/-/effects-7.1.0.tgz#c42966a92096d605b72a1959599ad6c90a1e15a2"
  integrity sha512-0oF9VaixL8TNzIyBfFieLXunoz66uuceGfh5EaepQu+qPcVhnFq5KvYHDQOdCq0uuQYB7rVwNFYjOD7pO5LE5A==

"@ngrx/entity@^7.1.0":
  version "7.1.0"
  resolved "https://registry.yarnpkg.com/@ngrx/entity/-/entity-7.1.0.tgz#342b2c99a839eb788f51a8aa9398c5a4e493e35f"
  integrity sha512-blCV88FKOY3FMFoTaOslp5pQu5QTWSCxorU/s2Bl8ThhnolHUsX/Nx3IaEtBr5sWW2z7mY/95qY294iXvfeM9w==

"@ngrx/store@^7.1.0":
  version "7.1.0"
  resolved "https://registry.yarnpkg.com/@ngrx/store/-/store-7.1.0.tgz#072f22e062e264c62859f37d9807dfac860f161d"
  integrity sha512-tM8ZGxbLTyQ5JUHow3/PSFU3FWfYJs/wAVyRlxzTxfY7Krs/TJ64GgI4lOa6gVizi2UiYfLtI31pJrxzXyxEoA==

parse5@^5.0.0:
  version "5.1.0"
  resolved "https://registry.yarnpkg.com/parse5/-/parse5-5.1.0.tgz#c59341c9723f414c452975564c7c00a68d58acd2"
  integrity sha512-fxNG2sQjHvlVAYmzBZS9YlDp6PTSSDwa98vkD4QgVDDCAo84z5X1t5XyJQ62ImdLXx5NdIIfihey6xpum9/gRQ==

tslib@^1.7.1, tslib@^1.9.0:
  version "1.9.3"
  resolved "https://registry.yarnpkg.com/tslib/-/tslib-1.9.3.tgz#d7e4dd79245d85428c4d7e4822a79917954ca286"
  integrity sha512-4krF8scpejhaOgqzBEcGM7yDIEfi0/8+8zDRZhNZZ2kjmHJ4hv3zCbQWxoJGz1iw5U0Jl0nma13xzHXcncMavQ==
